# THIS IS AN AUTOGENERATED FILE. DO NOT EDIT THIS FILE DIRECTLY.
# yarn lockfile v1


"@coolaj86/urequest@^1.3.6":
  version "1.3.7"
  resolved "https://registry.yarnpkg.com/@coolaj86/urequest/-/urequest-1.3.7.tgz#66a1d66378dd6534e9c8e68948bf09acf32bab77"
  integrity sha512-PPrVYra9aWvZjSCKl/x1pJ9ZpXda1652oJrPBYy5rQumJJMkmTBN3ux+sK2xAUwVvv2wnewDlaQaHLxLwSHnIA==

ncp@^2.0.0:
  version "2.0.0"
  resolved "https://registry.yarnpkg.com/ncp/-/ncp-2.0.0.tgz#195a21d6c46e361d2fb1281ba38b91e9df7bdbb3"
  integrity sha1-GVoh1sRuNh0vsSgbo4uR6d9727M=

ssl-root-cas@^1.3.1:
  version "1.3.1"
  resolved "https://registry.yarnpkg.com/ssl-root-cas/-/ssl-root-cas-1.3.1.tgz#6b0566f7de4f0e6be99fbd93dbfbe5c7ab33b949"
  integrity sha512-KR8J210Wfvjh+iNE9jcQEgbG0VG2713PHreItx6aNCPnkFO8XChz1cJ4iuCGeBj0+8wukLmgHgJqX+O5kRjPkQ==
  dependencies:
    "@coolaj86/urequest" "^1.3.6"
